
Microsoft Visual Studio Solution File, Format Version 12.00
# Visual Studio 15
VisualStudioVersion = 15.0.27130.2027
MinimumVisualStudioVersion = 10.0.40219.1
Project("{FAE04EC0-301F-11D3-BF4B-00C04F79EFBC}") = "WebShop", "WebShop\WebShop.csproj", "{A6FF9CF4-B402-48A3-959C-5497C5D1F026}"
EndProject
Global
	GlobalSection(SolutionConfigurationPlatforms) = preSolution
		Debug|Any CPU = Debug|Any CPU
		Release|Any CPU = Release|Any CPU
	EndGlobalSection
	GlobalSection(ProjectConfigurationPlatforms) = postSolution
		{A6FF9CF4-B402-48A3-959C-5497C5D1F026}.Debug|Any CPU.ActiveCfg = Debug|Any CPU
		{A6FF9CF4-B402-48A3-959C-5497C5D1F026}.Debug|Any CPU.Build.0 = Debug|Any CPU
		{A6FF9CF4-B402-48A3-959C-5497C5D1F026}.Release|Any CPU.ActiveCfg = Release|Any CPU
		{A6FF9CF4-B402-48A3-959C-5497C5D1F026}.Release|Any CPU.Build.0 = Release|Any CPU
	EndGlobalSection
	GlobalSection(SolutionProperties) = preSolution
		HideSolutionNode = FALSE
	EndGlobalSection
	GlobalSection(ExtensibilityGlobals) = postSolution
		SolutionGuid = {E50F7319-293F-4C8F-B0E5-AFBD295087C9}
	EndGlobalSection
EndGlobal
